
Microsoft Visual Studio Solution File, Format Version 12.00
# Visual Studio Version 16
VisualStudioVersion = 16.0.31410.357
MinimumVisualStudioVersion = 10.0.40219.1
Project("{9A19103F-16F7-4668-BE54-9A1E7A4F7556}") = "HerokuPlantsy.Server", "HerokuPlantsy\Server\HerokuPlantsy.Server.csproj", "{4568274A-A605-4F25-919D-6BCA1551CCA2}"
EndProject
Project("{9A19103F-16F7-4668-BE54-9A1E7A4F7556}") = "HerokuPlantsy.Client", "HerokuPlantsy\Client\HerokuPlantsy.Client.csproj", "{A9716C43-240A-4008-9A0D-24D562EC10F6}"
EndProject
Project("{9A19103F-16F7-4668-BE54-9A1E7A4F7556}") = "HerokuPlantsy.Shared", "HerokuPlantsy\Shared\HerokuPlantsy.Shared.csproj", "{B375EA65-7946-4140-BE5D-3BF330C077B9}"
EndProject
Global
	GlobalSection(SolutionConfigurationPlatforms) = preSolution
		Debug|Any CPU = Debug|Any CPU
		Release|Any CPU = Release|Any CPU
	EndGlobalSection
	GlobalSection(ProjectConfigurationPlatforms) = postSolution
		{4568274A-A605-4F25-919D-6BCA1551CCA2}.Debug|Any CPU.ActiveCfg = Debug|Any CPU
		{4568274A-A605-4F25-919D-6BCA1551CCA2}.Debug|Any CPU.Build.0 = Debug|Any CPU
		{4568274A-A605-4F25-919D-6BCA1551CCA2}.Release|Any CPU.ActiveCfg = Release|Any CPU
		{4568274A-A605-4F25-919D-6BCA1551CCA2}.Release|Any CPU.Build.0 = Release|Any CPU
		{A9716C43-240A-4008-9A0D-24D562EC10F6}.Debug|Any CPU.ActiveCfg = Debug|Any CPU
		{A9716C43-240A-4008-9A0D-24D562EC10F6}.Debug|Any CPU.Build.0 = Debug|Any CPU
		{A9716C43-240A-4008-9A0D-24D562EC10F6}.Release|Any CPU.ActiveCfg = Release|Any CPU
		{A9716C43-240A-4008-9A0D-24D562EC10F6}.Release|Any CPU.Build.0 = Release|Any CPU
		{B375EA65-7946-4140-BE5D-3BF330C077B9}.Debug|Any CPU.ActiveCfg = Debug|Any CPU
		{B375EA65-7946-4140-BE5D-3BF330C077B9}.Debug|Any CPU.Build.0 = Debug|Any CPU
		{B375EA65-7946-4140-BE5D-3BF330C077B9}.Release|Any CPU.ActiveCfg = Release|Any CPU
		{B375EA65-7946-4140-BE5D-3BF330C077B9}.Release|Any CPU.Build.0 = Release|Any CPU
	EndGlobalSection
	GlobalSection(SolutionProperties) = preSolution
		HideSolutionNode = FALSE
	EndGlobalSection
	GlobalSection(ExtensibilityGlobals) = postSolution
		SolutionGuid = {038B5BB6-5428-4AE9-A9C1-1BEEF3A6E292}
	EndGlobalSection
EndGlobal
